
Microsoft Visual Studio Solution File, Format Version 12.00
# Visual Studio Version 16
VisualStudioVersion = 16.0.30114.105
MinimumVisualStudioVersion = 10.0.40219.1
Project("{9A19103F-16F7-4668-BE54-9A1E7A4F7556}") = "Learn", "First\Learn.csproj", "{573C0827-1172-4887-989D-05EBC4B341DA}"
EndProject
Global
	GlobalSection(SolutionConfigurationPlatforms) = preSolution
		Debug|Any CPU = Debug|Any CPU
		Release|Any CPU = Release|Any CPU
	EndGlobalSection
	GlobalSection(ProjectConfigurationPlatforms) = postSolution
		{573C0827-1172-4887-989D-05EBC4B341DA}.Debug|Any CPU.ActiveCfg = Debug|Any CPU
		{573C0827-1172-4887-989D-05EBC4B341DA}.Debug|Any CPU.Build.0 = Debug|Any CPU
		{573C0827-1172-4887-989D-05EBC4B341DA}.Release|Any CPU.ActiveCfg = Release|Any CPU
		{573C0827-1172-4887-989D-05EBC4B341DA}.Release|Any CPU.Build.0 = Release|Any CPU
	EndGlobalSection
	GlobalSection(SolutionProperties) = preSolution
		HideSolutionNode = FALSE
	EndGlobalSection
	GlobalSection(ExtensibilityGlobals) = postSolution
		SolutionGuid = {0EF4DE9D-E5ED-43B4-BA1A-C5617986F6D2}
	EndGlobalSection
EndGlobal
